{
    "_readme": [
        "This file locks the dependencies of your project to a known state",
        "Read more about it at https://getcomposer.org/doc/01-basic-usage.md#installing-dependencies",
        "This file is @generated automatically"
    ],
    "content-hash": "e7dda1b5a72dabeec84c9cf6054405da",
    "packages": [
        {
            "name": "szymach/c-pchart",
            "version": "v3.0.6",
            "source": {
                "type": "git",
                "url": "https://github.com/szymach/c-pchart.git",
                "reference": "a4b77475e09de1a37a4d0d9361112c26719739e6"
            },
            "dist": {
                "type": "zip",
                "url": "https://api.github.com/repos/szymach/c-pchart/zipball/a4b77475e09de1a37a4d0d9361112c26719739e6",
                "reference": "a4b77475e09de1a37a4d0d9361112c26719739e6",
                "shasum": ""
            },
            "require": {
                "ext-gd": "*",
                "php": ">=5.4"
            },
            "require-dev": {
                "codeception/codeception": "^2.3",
                "phpunit/phpunit": "^4.8|6.1",
                "squizlabs/php_codesniffer": "^2.8|3.0"
            },
            "type": "project",
            "extra": {
                "branch-alias": {
                    "dev-master": "3.0.x-dev",
                    "2.0": "2.0.x-dev"
                }
            },
            "autoload": {
                "psr-4": {
                    "CpChart\\": "src/"
                },
                "files": [
                    "constants.php"
                ]
            },
            "notification-url": "https://packagist.org/downloads/",
            "license": [
                "GPL-3.0"
            ],
            "authors": [
                {
                    "name": "Jean-Damien Pogolotti",
                    "homepage": "http://www.pchart.net",
                    "role": "Creator of the original pChart library"
                },
                {
                    "name": "Piotr Szymaszek",
                    "homepage": "https://github.com/szymach",
                    "role": "Developer of the CpChart wrapper package"
                }
            ],
            "description": "Port of \"pChart\" library into PHP 5",
            "homepage": "https://github.com/szymach/c-pchart",
            "keywords": [
                "CpChart",
                "c-pChart",
                "charts",
                "pchart",
                "statistics"
            ],
            "time": "2018-01-28T01:07:52+00:00"
        }
    ],
    "packages-dev": [],
    "aliases": [],
    "minimum-stability": "stable",
    "stability-flags": [],
    "prefer-stable": false,
    "prefer-lowest": false,
    "platform": [],
    "platform-dev": []
}
